
Microsoft Visual Studio Solution File, Format Version 12.00
# Visual Studio Version 17
VisualStudioVersion = 17.1.32210.238
MinimumVisualStudioVersion = 10.0.40219.1
Project("{FAE04EC0-301F-11D3-BF4B-00C04F79EFBC}") = "BlazorEcommerce.Server", "BlazorEcommerce\Server\BlazorEcommerce.Server.csproj", "{4EF74263-E394-442D-8D40-7AB9F8FF20E9}"
EndProject
Project("{FAE04EC0-301F-11D3-BF4B-00C04F79EFBC}") = "BlazorEcommerce.Client", "BlazorEcommerce\Client\BlazorEcommerce.Client.csproj", "{5E09843A-7789-4768-8C23-9A19EAB17655}"
EndProject
Project("{FAE04EC0-301F-11D3-BF4B-00C04F79EFBC}") = "BlazorEcommerce.Shared", "BlazorEcommerce\Shared\BlazorEcommerce.Shared.csproj", "{8EBF8182-D5F7-4E40-A48A-7B1ABFBCA8FE}"
EndProject
Global
	GlobalSection(SolutionConfigurationPlatforms) = preSolution
		Debug|Any CPU = Debug|Any CPU
		Release|Any CPU = Release|Any CPU
	EndGlobalSection
	GlobalSection(ProjectConfigurationPlatforms) = postSolution
		{4EF74263-E394-442D-8D40-7AB9F8FF20E9}.Debug|Any CPU.ActiveCfg = Debug|Any CPU
		{4EF74263-E394-442D-8D40-7AB9F8FF20E9}.Debug|Any CPU.Build.0 = Debug|Any CPU
		{4EF74263-E394-442D-8D40-7AB9F8FF20E9}.Release|Any CPU.ActiveCfg = Release|Any CPU
		{4EF74263-E394-442D-8D40-7AB9F8FF20E9}.Release|Any CPU.Build.0 = Release|Any CPU
		{5E09843A-7789-4768-8C23-9A19EAB17655}.Debug|Any CPU.ActiveCfg = Debug|Any CPU
		{5E09843A-7789-4768-8C23-9A19EAB17655}.Debug|Any CPU.Build.0 = Debug|Any CPU
		{5E09843A-7789-4768-8C23-9A19EAB17655}.Release|Any CPU.ActiveCfg = Release|Any CPU
		{5E09843A-7789-4768-8C23-9A19EAB17655}.Release|Any CPU.Build.0 = Release|Any CPU
		{8EBF8182-D5F7-4E40-A48A-7B1ABFBCA8FE}.Debug|Any CPU.ActiveCfg = Debug|Any CPU
		{8EBF8182-D5F7-4E40-A48A-7B1ABFBCA8FE}.Debug|Any CPU.Build.0 = Debug|Any CPU
		{8EBF8182-D5F7-4E40-A48A-7B1ABFBCA8FE}.Release|Any CPU.ActiveCfg = Release|Any CPU
		{8EBF8182-D5F7-4E40-A48A-7B1ABFBCA8FE}.Release|Any CPU.Build.0 = Release|Any CPU
	EndGlobalSection
	GlobalSection(SolutionProperties) = preSolution
		HideSolutionNode = FALSE
	EndGlobalSection
	GlobalSection(ExtensibilityGlobals) = postSolution
		SolutionGuid = {EB5C0DF4-CD5F-445C-9D62-A32AC387948E}
	EndGlobalSection
EndGlobal
